NeoBundleLock VimClojure 2a17c249571395a7f45523d38cac6a9326ecf8f1
NeoBundleLock neobundle.vim 09018181786e4d553853e81c28a08d0e697e6eab
NeoBundleLock neocomplcache 778181767467b8f8016828898779a646074d883a
NeoBundleLock neosnippet 1617094a8c9df36d9a505f533b3a2efa44039412
NeoBundleLock syntastic 3c2e7e4ce37bc68b54f23c62efd0be291e6dc450
NeoBundleLock unite.vim f1aa053aae95e0185c5c9667ecd938c4fc37c2c7
NeoBundleLock vim-go 6a1580bc3197fef05bbdfb95a5512424c07a545d
NeoBundleLock vim-slime 457ce9b366ceb1be1885e73e79ebbe8c1a2511ef
NeoBundleLock vimproc 9d87064fa9da09c53d928d519254ad1c254aaf87
NeoBundleLock vimshell a1f9a2010bea4b109341f1e2411a32839a8547b3
