NeoBundleLock VimClojure 2a17c249571395a7f45523d38cac6a9326ecf8f1
NeoBundleLock neobundle.vim 716c1968e3c3df0cdf7f14a552fa44c8e4b1b4ca
NeoBundleLock neocomplcache 778181767467b8f8016828898779a646074d883a
NeoBundleLock neosnippet 1617094a8c9df36d9a505f533b3a2efa44039412
NeoBundleLock syntastic be111259ec4428ea10dbb02b54127cf348f17602
NeoBundleLock unite.vim 18032997d50b6ddd4b4b5422a3ac32ab630236f1
NeoBundleLock vim-go fc900686700c15b5001d2263db4547e3d2f0cc6b
NeoBundleLock vim-slime 457ce9b366ceb1be1885e73e79ebbe8c1a2511ef
NeoBundleLock vimproc 9b9a684fdc034a899cfefa7b93ab881f550975e8
NeoBundleLock vimshell a1f9a2010bea4b109341f1e2411a32839a8547b3
